github.com/DraouiBilal/Runiverse-backend-lib v0.0.0-20250426192827-569fca12631a h1:yjUyMj2OTH467P1TKhQqDOZH1CW75Mfc87/IyVBIcBg=
github.com/DraouiBilal/Runiverse-backend-lib v0.0.0-20250426192827-569fca12631a/go.mod h1:f18IlFsf6zmDwZIx85poRUPOVeRRERD8NPiKv7Tgr5Q=
github.com/DraouiBilal/Runiverse-backend-lib v0.0.0-20250518193705-ca15ee56e53a h1:ljwxKVoJwxB/xXgGsKZUawFkVLYm4ssfRE5EPoRmgWU=
github.com/DraouiBilal/Runiverse-backend-lib v0.0.0-20250518193705-ca15ee56e53a/go.mod h1:f18IlFsf6zmDwZIx85poRUPOVeRRERD8NPiKv7Tgr5Q=
github.com/DraouiBilal/Runiverse-backend-lib v0.0.0-20250518205814-817f44ec4f8f h1:61ievAIF8bFqUD5ElI5QFZ0dT39ZbbRFwYGc4UarSoo=
github.com/DraouiBilal/Runiverse-backend-lib v0.0.0-20250518205814-817f44ec4f8f/go.mod h1:f18IlFsf6zmDwZIx85poRUPOVeRRERD8NPiKv7Tgr5Q=
github.com/lib/pq v1.10.9 h1:YXG7RB+JIjhP29X+OtkiDnYaXQwpS4JEWq7dtCCRUEw=
github.com/lib/pq v1.10.9/go.mod h1:AlVN5x4E4T544tWzH6hKfbfQvm3HdbOxrmggDNAPY9o=
